{
  "name": "joyid-extension",
  "version": "1.0.0",
  "lockfileVersion": 3,
  "requires": true,
  "packages": {
    "": {
      "name": "joyid-extension",
      "version": "1.0.0",
      "license": "ISC",
      "dependencies": {
        "@joyid/evm": "^0.2.0-beta.4"
      }
    },
    "node_modules/@joyid/evm": {
      "version": "0.2.0-beta.4",
      "resolved": "https://registry.npmjs.org/@joyid/evm/-/evm-0.2.0-beta.4.tgz",
      "integrity": "sha512-VJqzhNAeCqhVb01G7GlQI2aNSF8kZHSgMXudWIwgddv3bUGkRp6D99E9dqztxD+5WcAGCUHvQvgz5DebQUaqHQ=="
    }
  }
}
